
Microsoft Visual Studio Solution File, Format Version 12.00
# Visual Studio Version 16
VisualStudioVersion = 16.0.29926.136
MinimumVisualStudioVersion = 10.0.40219.1
Project("{9A19103F-16F7-4668-BE54-9A1E7A4F7556}") = "TextilWorld", "TextilWorld\TextilWorld.csproj", "{7563863B-5D83-45A3-9A24-CE3306739344}"
EndProject
Project("{9A19103F-16F7-4668-BE54-9A1E7A4F7556}") = "TextilWorld.Models", "TextilWorld.Models\TextilWorld.Models.csproj", "{E6ACF835-C01E-4455-A359-79D4689B4ACB}"
EndProject
Project("{FAE04EC0-301F-11D3-BF4B-00C04F79EFBC}") = "TextilWorld.Services", "TextilWorld.Services\TextilWorld.Services.csproj", "{D940AFBA-47F6-4A6B-8A14-0C78D6C0DC2C}"
EndProject
Project("{FAE04EC0-301F-11D3-BF4B-00C04F79EFBC}") = "TextilWorld.Core", "TextilWorld.Core\TextilWorld.Core.csproj", "{04228920-82BA-4634-AAEE-338B133C73DA}"
EndProject
Global
	GlobalSection(SolutionConfigurationPlatforms) = preSolution
		Debug|Any CPU = Debug|Any CPU
		Release|Any CPU = Release|Any CPU
	EndGlobalSection
	GlobalSection(ProjectConfigurationPlatforms) = postSolution
		{7563863B-5D83-45A3-9A24-CE3306739344}.Debug|Any CPU.ActiveCfg = Debug|Any CPU
		{7563863B-5D83-45A3-9A24-CE3306739344}.Debug|Any CPU.Build.0 = Debug|Any CPU
		{7563863B-5D83-45A3-9A24-CE3306739344}.Release|Any CPU.ActiveCfg = Release|Any CPU
		{7563863B-5D83-45A3-9A24-CE3306739344}.Release|Any CPU.Build.0 = Release|Any CPU
		{E6ACF835-C01E-4455-A359-79D4689B4ACB}.Debug|Any CPU.ActiveCfg = Debug|Any CPU
		{E6ACF835-C01E-4455-A359-79D4689B4ACB}.Debug|Any CPU.Build.0 = Debug|Any CPU
		{E6ACF835-C01E-4455-A359-79D4689B4ACB}.Release|Any CPU.ActiveCfg = Release|Any CPU
		{E6ACF835-C01E-4455-A359-79D4689B4ACB}.Release|Any CPU.Build.0 = Release|Any CPU
		{D940AFBA-47F6-4A6B-8A14-0C78D6C0DC2C}.Debug|Any CPU.ActiveCfg = Debug|Any CPU
		{D940AFBA-47F6-4A6B-8A14-0C78D6C0DC2C}.Debug|Any CPU.Build.0 = Debug|Any CPU
		{D940AFBA-47F6-4A6B-8A14-0C78D6C0DC2C}.Release|Any CPU.ActiveCfg = Release|Any CPU
		{D940AFBA-47F6-4A6B-8A14-0C78D6C0DC2C}.Release|Any CPU.Build.0 = Release|Any CPU
		{04228920-82BA-4634-AAEE-338B133C73DA}.Debug|Any CPU.ActiveCfg = Debug|Any CPU
		{04228920-82BA-4634-AAEE-338B133C73DA}.Debug|Any CPU.Build.0 = Debug|Any CPU
		{04228920-82BA-4634-AAEE-338B133C73DA}.Release|Any CPU.ActiveCfg = Release|Any CPU
		{04228920-82BA-4634-AAEE-338B133C73DA}.Release|Any CPU.Build.0 = Release|Any CPU
	EndGlobalSection
	GlobalSection(SolutionProperties) = preSolution
		HideSolutionNode = FALSE
	EndGlobalSection
	GlobalSection(ExtensibilityGlobals) = postSolution
		SolutionGuid = {FC3B90E7-B2A3-4773-9653-6FF85CFD7395}
	EndGlobalSection
EndGlobal
